
Microsoft Visual Studio Solution File, Format Version 12.00
# Visual Studio 14
VisualStudioVersion = 14.0.25123.0
MinimumVisualStudioVersion = 10.0.40219.1
Project("{2150E333-8FDC-42A3-9474-1A3956D46DE8}") = "Common", "Common", "{7AFC1993-7CDB-48C2-9F65-F5C1B6C1958E}"
EndProject
Project("{FAE04EC0-301F-11D3-BF4B-00C04F79EFBC}") = "DevOpsBot.Authentication", "DevOpsBot.Authentication\DevOpsBot.Authentication.csproj", "{2F8EC0A5-6FC9-4097-91B4-0B01F06F6532}"
EndProject
Project("{FAE04EC0-301F-11D3-BF4B-00C04F79EFBC}") = "DevOpsBot.Base", "DevOpsBot.Base\DevOpsBot.Base.csproj", "{9F1215E8-43DD-4475-B378-5DA557415AF5}"
EndProject
Project("{2150E333-8FDC-42A3-9474-1A3956D46DE8}") = "GitLab", "GitLab", "{8FB42718-872F-48BD-9DDF-1358921CA41C}"
EndProject
Project("{FAE04EC0-301F-11D3-BF4B-00C04F79EFBC}") = "GitLabProvider", "GitLabAuthenticationProvider\GitLabProvider.csproj", "{373876FA-ABCC-4802-BCFE-D4DEE69E649F}"
EndProject
Project("{FAE04EC0-301F-11D3-BF4B-00C04F79EFBC}") = "TestMe", "TestMe\TestMe.csproj", "{B8DA2F2D-7CC1-4337-9CCE-2C8D2753378C}"
EndProject
Global
	GlobalSection(SolutionConfigurationPlatforms) = preSolution
		Debug|Any CPU = Debug|Any CPU
		Release|Any CPU = Release|Any CPU
	EndGlobalSection
	GlobalSection(ProjectConfigurationPlatforms) = postSolution
		{2F8EC0A5-6FC9-4097-91B4-0B01F06F6532}.Debug|Any CPU.ActiveCfg = Debug|Any CPU
		{2F8EC0A5-6FC9-4097-91B4-0B01F06F6532}.Debug|Any CPU.Build.0 = Debug|Any CPU
		{2F8EC0A5-6FC9-4097-91B4-0B01F06F6532}.Release|Any CPU.ActiveCfg = Release|Any CPU
		{2F8EC0A5-6FC9-4097-91B4-0B01F06F6532}.Release|Any CPU.Build.0 = Release|Any CPU
		{9F1215E8-43DD-4475-B378-5DA557415AF5}.Debug|Any CPU.ActiveCfg = Debug|Any CPU
		{9F1215E8-43DD-4475-B378-5DA557415AF5}.Debug|Any CPU.Build.0 = Debug|Any CPU
		{9F1215E8-43DD-4475-B378-5DA557415AF5}.Release|Any CPU.ActiveCfg = Release|Any CPU
		{9F1215E8-43DD-4475-B378-5DA557415AF5}.Release|Any CPU.Build.0 = Release|Any CPU
		{373876FA-ABCC-4802-BCFE-D4DEE69E649F}.Debug|Any CPU.ActiveCfg = Debug|Any CPU
		{373876FA-ABCC-4802-BCFE-D4DEE69E649F}.Debug|Any CPU.Build.0 = Debug|Any CPU
		{373876FA-ABCC-4802-BCFE-D4DEE69E649F}.Release|Any CPU.ActiveCfg = Release|Any CPU
		{373876FA-ABCC-4802-BCFE-D4DEE69E649F}.Release|Any CPU.Build.0 = Release|Any CPU
		{B8DA2F2D-7CC1-4337-9CCE-2C8D2753378C}.Debug|Any CPU.ActiveCfg = Debug|Any CPU
		{B8DA2F2D-7CC1-4337-9CCE-2C8D2753378C}.Debug|Any CPU.Build.0 = Debug|Any CPU
		{B8DA2F2D-7CC1-4337-9CCE-2C8D2753378C}.Release|Any CPU.ActiveCfg = Release|Any CPU
		{B8DA2F2D-7CC1-4337-9CCE-2C8D2753378C}.Release|Any CPU.Build.0 = Release|Any CPU
	EndGlobalSection
	GlobalSection(SolutionProperties) = preSolution
		HideSolutionNode = FALSE
	EndGlobalSection
	GlobalSection(NestedProjects) = preSolution
		{2F8EC0A5-6FC9-4097-91B4-0B01F06F6532} = {7AFC1993-7CDB-48C2-9F65-F5C1B6C1958E}
		{9F1215E8-43DD-4475-B378-5DA557415AF5} = {7AFC1993-7CDB-48C2-9F65-F5C1B6C1958E}
		{373876FA-ABCC-4802-BCFE-D4DEE69E649F} = {8FB42718-872F-48BD-9DDF-1358921CA41C}
	EndGlobalSection
EndGlobal
